
Microsoft Visual Studio Solution File, Format Version 12.00
# Visual Studio 15
VisualStudioVersion = 15.0.28307.1738
MinimumVisualStudioVersion = 10.0.40219.1
Project("{8BC9CEB8-8B4A-11D0-8D11-00A0C91BC942}") = "GN31_AgarioServer", "GN31_AgarioServer\GN31_AgarioServer.vcxproj", "{6A456A63-E8C8-4157-B128-3D16F6A19CCD}"
EndProject
Global
	GlobalSection(SolutionConfigurationPlatforms) = preSolution
		Debug|x64 = Debug|x64
		Debug|x86 = Debug|x86
		Release|x64 = Release|x64
		Release|x86 = Release|x86
	EndGlobalSection
	GlobalSection(ProjectConfigurationPlatforms) = postSolution
		{6A456A63-E8C8-4157-B128-3D16F6A19CCD}.Debug|x64.ActiveCfg = Debug|x64
		{6A456A63-E8C8-4157-B128-3D16F6A19CCD}.Debug|x64.Build.0 = Debug|x64
		{6A456A63-E8C8-4157-B128-3D16F6A19CCD}.Debug|x86.ActiveCfg = Debug|Win32
		{6A456A63-E8C8-4157-B128-3D16F6A19CCD}.Debug|x86.Build.0 = Debug|Win32
		{6A456A63-E8C8-4157-B128-3D16F6A19CCD}.Release|x64.ActiveCfg = Release|x64
		{6A456A63-E8C8-4157-B128-3D16F6A19CCD}.Release|x64.Build.0 = Release|x64
		{6A456A63-E8C8-4157-B128-3D16F6A19CCD}.Release|x86.ActiveCfg = Release|Win32
		{6A456A63-E8C8-4157-B128-3D16F6A19CCD}.Release|x86.Build.0 = Release|Win32
	EndGlobalSection
	GlobalSection(SolutionProperties) = preSolution
		HideSolutionNode = FALSE
	EndGlobalSection
	GlobalSection(ExtensibilityGlobals) = postSolution
		SolutionGuid = {42E686E5-CF13-4AA5-8661-D304304C0884}
	EndGlobalSection
EndGlobal
